
Microsoft Visual Studio Solution File, Format Version 11.00
# Visual Studio 2010
Project("{FAE04EC0-301F-11D3-BF4B-00C04F79EFBC}") = "Assembly-CSharp", "Assembly-CSharp.csproj", "{749770ED-D173-32E0-4466-6B98FA4B02F4}"
EndProject
Project("{FAE04EC0-301F-11D3-BF4B-00C04F79EFBC}") = "Assembly-CSharp-Editor", "Assembly-CSharp-Editor.csproj", "{247B95A8-A067-15A4-4010-C46F36DC629B}"
EndProject
Global
	GlobalSection(SolutionConfigurationPlatforms) = preSolution
		Debug|Any CPU = Debug|Any CPU
		Release|Any CPU = Release|Any CPU
	EndGlobalSection
	GlobalSection(ProjectConfigurationPlatforms) = postSolution
		{749770ED-D173-32E0-4466-6B98FA4B02F4}.Debug|Any CPU.ActiveCfg = Debug|Any CPU
		{749770ED-D173-32E0-4466-6B98FA4B02F4}.Debug|Any CPU.Build.0 = Debug|Any CPU
		{749770ED-D173-32E0-4466-6B98FA4B02F4}.Release|Any CPU.ActiveCfg = Release|Any CPU
		{749770ED-D173-32E0-4466-6B98FA4B02F4}.Release|Any CPU.Build.0 = Release|Any CPU
		{247B95A8-A067-15A4-4010-C46F36DC629B}.Debug|Any CPU.ActiveCfg = Debug|Any CPU
		{247B95A8-A067-15A4-4010-C46F36DC629B}.Debug|Any CPU.Build.0 = Debug|Any CPU
		{247B95A8-A067-15A4-4010-C46F36DC629B}.Release|Any CPU.ActiveCfg = Release|Any CPU
		{247B95A8-A067-15A4-4010-C46F36DC629B}.Release|Any CPU.Build.0 = Release|Any CPU
	EndGlobalSection
	GlobalSection(SolutionProperties) = preSolution
		HideSolutionNode = FALSE
	EndGlobalSection
	GlobalSection(MonoDevelopProperties) = preSolution
		StartupItem = Assembly-CSharp.csproj
	EndGlobalSection
EndGlobal
